{
  "version": "4",
  "redirects": {
    "https://esm.sh/@types/balanced-match@~1.0.4/index.d.ts": "https://esm.sh/@types/balanced-match@1.0.4/index.d.ts",
    "https://esm.sh/@types/brace-expansion@~1.1.2/index.d.ts": "https://esm.sh/@types/brace-expansion@1.1.2/index.d.ts",
    "https://esm.sh/@types/minimatch@~3.0.5/index.d.ts": "https://esm.sh/@types/minimatch@3.0.5/index.d.ts",
    "https://esm.sh/balanced-match@^1.0.0?target=denonext": "https://esm.sh/balanced-match@1.0.2?target=denonext",
    "https://esm.sh/brace-expansion@^1.1.7?target=denonext": "https://esm.sh/brace-expansion@1.1.11?target=denonext",
    "https://esm.sh/cdk8s@^2.68.11?target=denonext": "https://esm.sh/cdk8s@2.69.42?target=denonext",
    "https://esm.sh/constructs@^10.3.0?target=denonext": "https://esm.sh/constructs@10.4.2?target=denonext",
    "https://esm.sh/constructs@^10?target=denonext": "https://esm.sh/constructs@10.4.2?target=denonext",
    "https://esm.sh/fast-json-patch@^3.1.1?target=denonext": "https://esm.sh/fast-json-patch@3.1.1?target=denonext",
    "https://esm.sh/minimatch@^3.1.2?target=denonext": "https://esm.sh/minimatch@3.1.2?target=denonext"
  },
  "remote": {
    "https://esm.sh/balanced-match@1.0.2/denonext/balanced-match.mjs": "f5c1249307feeb11c86f01aad5a3e1956837aa506720754f39277b0318f3fca0",
    "https://esm.sh/balanced-match@1.0.2?target=denonext": "0212d336642dd2f874fe13604bf5eaa2caf08c1dab84e87f4b284d9e8972d9c9",
    "https://esm.sh/brace-expansion@1.1.11/denonext/brace-expansion.mjs": "3ff9824fb0073fcf8f5c3a591485ec540b07d40b965d05ee6bfe04fb8da82704",
    "https://esm.sh/brace-expansion@1.1.11?target=denonext": "4bab1de035b4c92ab513cc9583c2f5745b188d66fb9f8deb5e22bfaffd3f1603",
    "https://esm.sh/cdk8s-plus-30@2.2.17": "15abeb00c0385fc8494dea3f8d6ee0a4fad6d3d93ec3cde0445b93fed01564da",
    "https://esm.sh/cdk8s-plus-30@2.2.17/denonext/cdk8s-plus-30.mjs": "266e30875c2e341f8fbd6b274d94524e7824d1cb9dfedc18259af6bf9072249e",
    "https://esm.sh/cdk8s@2.69.35": "5c1c027a17d8e62cc3a76761d1669d7764b3f72b983ed17c48cbd9e84bac6bc3",
    "https://esm.sh/cdk8s@2.69.35/denonext/cdk8s.mjs": "e3ab0abf0852965a2da99f3a0b4f71892c31094761250e77e78010ac8ecf3c4f",
    "https://esm.sh/cdk8s@2.69.42/denonext/cdk8s.mjs": "b1e7a7af178a41dff3afd5948c6182f646b1619073fb25f4e7c64d46d7d3cf74",
    "https://esm.sh/cdk8s@2.69.42?target=denonext": "d07ac3e9c3f5b5135f8671bc3a2459be7853ec4045d5637a79ef114aa5a572a1",
    "https://esm.sh/constructs@10.4.2": "1bfbc507eaaa2eca688b78443c61c22f287bb65b3b8194beab6534c458121f35",
    "https://esm.sh/constructs@10.4.2/denonext/constructs.mjs": "cdefe2b617067050086af372d96372aa8d78cac42f274452d10ada2d22647ef5",
    "https://esm.sh/constructs@10.4.2?target=denonext": "1bfbc507eaaa2eca688b78443c61c22f287bb65b3b8194beab6534c458121f35",
    "https://esm.sh/fast-json-patch@3.1.1/denonext/fast-json-patch.mjs": "b11781e5da2ae31b9c5f6e02ecef8c21b71fecb1830f41fe5bc8c9bfe7acc97e",
    "https://esm.sh/fast-json-patch@3.1.1?target=denonext": "3ba5e3a9aebdadb2433526dd7b1d771b4ae25f7d3000bc320ca00e5b91d37284",
    "https://esm.sh/minimatch@3.1.2/denonext/minimatch.mjs": "9afbcc692479261d66232c959ec17f204d4dd55f6297e3f0dbce3d70586c171c",
    "https://esm.sh/minimatch@3.1.2?target=denonext": "4d1367aff41856e84350a30289fa3a7214c7c1d4fd7f808e9f1c6db4f8944de8",
    "https://esm.sh/remeda@2.18.0": "dfd809a074de9fa6d24d46300a65a2524b8df3d73b8e32b701840269be4d0711",
    "https://esm.sh/remeda@2.18.0/denonext/remeda.mjs": "68b1b32ce5af1038230f98e986746d355ec11dcf71e99bbed985c2026106780c",
    "https://esm.sh/ts-pattern@5.6.0": "0200f12fddef676fdd4823ddb58f6ffc11b7c5dfe8d348b59a9b9ccb2769eec1",
    "https://esm.sh/ts-pattern@5.6.0/denonext/ts-pattern.mjs": "ef961b0f9db560a3a1f9e1c1b8c792be6aea75c38644e2720612cbb23899f612",
    "https://esm.sh/yaml@2.7.0/denonext/browser/dist/doc/anchors.mjs": "de806cc83f471d6e660fa30a82a78f689070bef161636e92f20a2191a403591f",
    "https://esm.sh/yaml@2.7.0/denonext/browser/dist/doc/applyReviver.mjs": "1c2f25ea8df0a043afebc0605f12fe361999177e9992fc13e8027566f12ea132",
    "https://esm.sh/yaml@2.7.0/denonext/browser/dist/doc/createNode.mjs": "e043391749e207ee6abbd6c061d606cc72ab81dc3c63313d6d9e79f8aa7c83f9",
    "https://esm.sh/yaml@2.7.0/denonext/browser/dist/log.mjs": "e8078b1f653b9e9715e9568492afbee8b755853feaa9f1722e822c853fbd6590",
    "https://esm.sh/yaml@2.7.0/denonext/browser/dist/nodes/Alias.mjs": "8efd34e246c53c0b1ec1d2e0fa22b91a0aac3bdab34681d433ad0e73a71d171b",
    "https://esm.sh/yaml@2.7.0/denonext/browser/dist/nodes/Collection.mjs": "e37d9c7c1d5cd330defa3e1e5f6fcbed8d08b058bedd6534ded0f8d9493a55d9",
    "https://esm.sh/yaml@2.7.0/denonext/browser/dist/nodes/Node.mjs": "fcf8de0722c071de16a0ad44083e4ddd2b8396d74b2fb1abd56dfb21fd125f39",
    "https://esm.sh/yaml@2.7.0/denonext/browser/dist/nodes/Pair.mjs": "d181b2f8e2dec512fd16fe9cc5894e7d898c715a8845ff41b3d9f0766f2e55bf",
    "https://esm.sh/yaml@2.7.0/denonext/browser/dist/nodes/Scalar.mjs": "c4eba1a0286561a8c2271308d61cf9f6fd47331f05ee432be8c05bff75d264c6",
    "https://esm.sh/yaml@2.7.0/denonext/browser/dist/nodes/YAMLMap.mjs": "23b82300e1f27ffc3e88fc8c9728e4970fc453e55e78e86acd06cf609c27f5db",
    "https://esm.sh/yaml@2.7.0/denonext/browser/dist/nodes/YAMLSeq.mjs": "b2457d52d968c5ed7b8083a3a39383cce059f15267ea91efe441a31185b179c6",
    "https://esm.sh/yaml@2.7.0/denonext/browser/dist/nodes/addPairToJSMap.mjs": "c9483f92a06f464a7c2db080305c2c56b2710d3712b223f6c755da5011e11fd5",
    "https://esm.sh/yaml@2.7.0/denonext/browser/dist/nodes/identity.mjs": "3fb6de161a8d4f1c5f349f50627be8e1d86fab4a145005d13384f36d90161138",
    "https://esm.sh/yaml@2.7.0/denonext/browser/dist/nodes/toJS.mjs": "e680d954806b108f22502f0bc01042832876c6822736370db24e30e322b291e9",
    "https://esm.sh/yaml@2.7.0/denonext/browser/dist/schema/common/map.mjs": "c0341fa89a5149305a34a1de0ce09711c44aa9acc162b1c6c7aaab33ee886a6d",
    "https://esm.sh/yaml@2.7.0/denonext/browser/dist/schema/common/seq.mjs": "9af1cf3ec1ed534d2e6b339c47ffa93eb1cbf9459b830ab95ead844599ec074c",
    "https://esm.sh/yaml@2.7.0/denonext/browser/dist/schema/common/string.mjs": "56d68dd08cb772ff46d6aa555a215b8041ab8f5d8c8a2f6d5892c527d1a9d720",
    "https://esm.sh/yaml@2.7.0/denonext/browser/dist/schema/yaml-1.1/merge.mjs": "19dd8eb7b924e28e059ce60a92bb7c2e03e62d20cde2e65648b1991851406520",
    "https://esm.sh/yaml@2.7.0/denonext/browser/dist/stringify/foldFlowLines.mjs": "79b58a7f86d4576408943aa5138fa3a4e63226180c9c6174c94480bbc10329f0",
    "https://esm.sh/yaml@2.7.0/denonext/browser/dist/stringify/stringify.mjs": "53f852d85c5c866b5f5e351e14a9652d44010b58b99f56948a45270723e6ad6e",
    "https://esm.sh/yaml@2.7.0/denonext/browser/dist/stringify/stringifyCollection.mjs": "0a2ad39e9b4c960413eddf897269702f7500aff95d6b40b2e8346eb445cc1aeb",
    "https://esm.sh/yaml@2.7.0/denonext/browser/dist/stringify/stringifyComment.mjs": "6040f6c6c76887d5104a3e657399eb37e0c9d42cf5237df5fdf725494fbec556",
    "https://esm.sh/yaml@2.7.0/denonext/browser/dist/stringify/stringifyNumber.mjs": "c0121bcf9f880cc2d6c12c96ecd6c2fb808cb5fbc0ebc5c9e45f4c1d6992bfe6",
    "https://esm.sh/yaml@2.7.0/denonext/browser/dist/stringify/stringifyString.mjs": "4c783a8c8e77f14839cc38c232d085622c931b99a51dcaf960a14a4c28eaab8d",
    "https://esm.sh/yaml@2.7.0/denonext/browser/dist/visit.mjs": "0710978c7117634c631a51806161b1d49b7edda218558f04c11b19875b2f624e",
    "https://esm.sh/yaml@2.7.0/denonext/yaml.mjs": "0440e098531efbda22fe656c449e6317255d0e370412c8160da9955424267385",
    "https://raw.githubusercontent.com/lodash/lodash/4.17.21-es/_Hash.js": "7221393e8931adc88430d3badefee1568ffccf91a6efcd9dda2be498f4a09551",
    "https://raw.githubusercontent.com/lodash/lodash/4.17.21-es/_ListCache.js": "a8c13a041707d9c96eff21d95a78326b6e2af12b067527bcba22108ce15b600c",
    "https://raw.githubusercontent.com/lodash/lodash/4.17.21-es/_Map.js": "014aa839395eedfb215d1a994754db6716ba8c65ff3945b986270a4743b269bb",
    "https://raw.githubusercontent.com/lodash/lodash/4.17.21-es/_MapCache.js": "fd27ffa20196943af9cbb4694555582d3045fff54b6f808269e4d3a645c3d886",
    "https://raw.githubusercontent.com/lodash/lodash/4.17.21-es/_Stack.js": "391b608ace36e0845f917ab7a5bbaab07930f9ad8b570849857ed564a0ec3a76",
    "https://raw.githubusercontent.com/lodash/lodash/4.17.21-es/_Symbol.js": "631160c3c0cbd05ec8a3d1934ded4a312504a29f04a00be2b29372d00dd6bc6d",
    "https://raw.githubusercontent.com/lodash/lodash/4.17.21-es/_Uint8Array.js": "0181e8a163773e63ca1c366a134df3306c5fec28f487beb326b6bb92113d619d",
    "https://raw.githubusercontent.com/lodash/lodash/4.17.21-es/_apply.js": "b2e6d04f093a956feef2d826cba78dab35ea1e87e8fdf7f905120adbc0bd134e",
    "https://raw.githubusercontent.com/lodash/lodash/4.17.21-es/_arrayLikeKeys.js": "c441c2b158f992a5dd14bae0b35d20c3ec25a8a5b6cd439e1be0b1764e831612",
    "https://raw.githubusercontent.com/lodash/lodash/4.17.21-es/_assignMergeValue.js": "9018dc11f6fe776f0d6ffa27ec31107552bb1f0ac4f7424db1e1011532bc2c14",
    "https://raw.githubusercontent.com/lodash/lodash/4.17.21-es/_assignValue.js": "30c56330342d8af0405b9a113f73232fb6fc748a4177787d2b61d1a894cefdf9",
    "https://raw.githubusercontent.com/lodash/lodash/4.17.21-es/_assocIndexOf.js": "b34ff3bbc5cf630e9ea1103eacd7bfcc208347a6b616398e515c7aee821bf8a4",
    "https://raw.githubusercontent.com/lodash/lodash/4.17.21-es/_baseAssignValue.js": "fc102066006ab1aa06bf1ed8329c64804b8c61c616840f0739031aafc009fb91",
    "https://raw.githubusercontent.com/lodash/lodash/4.17.21-es/_baseCreate.js": "d2298952b6832fe420556a324428d247ae04540a564bf95d30f4e1bd7370a668",
    "https://raw.githubusercontent.com/lodash/lodash/4.17.21-es/_baseFor.js": "171c18eca21431b2067189679bcfb5087463a64c071087b9511e9fcc67acadff",
    "https://raw.githubusercontent.com/lodash/lodash/4.17.21-es/_baseGetTag.js": "3a9eebe37ba231eff0380b5f76ac5b5fcee4590665642fd052d77aa51c7d063f",
    "https://raw.githubusercontent.com/lodash/lodash/4.17.21-es/_baseIsArguments.js": "8cc4e523affa6237c8177cd7cb038ede5e6778deaf3fa9c052f3e416840e0334",
    "https://raw.githubusercontent.com/lodash/lodash/4.17.21-es/_baseIsNative.js": "1557c70dbb11eba112c6f5454e3cbaf7a714656da0db17e0dfe83441a70e31b1",
    "https://raw.githubusercontent.com/lodash/lodash/4.17.21-es/_baseIsTypedArray.js": "eb8a844c83bf159a41222acde165ab3f4a9983be77297496550164d10633b076",
    "https://raw.githubusercontent.com/lodash/lodash/4.17.21-es/_baseKeysIn.js": "c582f1f38230256bebba36251eccfbf082e7a395bf7b85aecc4496fd798dc83a",
    "https://raw.githubusercontent.com/lodash/lodash/4.17.21-es/_baseMerge.js": "6d8fada634d2384897e591daaea777b08f0397f953cab3642a541ef9b57c3dac",
    "https://raw.githubusercontent.com/lodash/lodash/4.17.21-es/_baseMergeDeep.js": "eec32b72db812c61e62ab0eed2cbc13cab9f75264aa6af9f5c8e7800cf50d3b1",
    "https://raw.githubusercontent.com/lodash/lodash/4.17.21-es/_baseRest.js": "f796cefb2c34daf6ad295d2af58abc96ea34348676a23a88e11789bc45f844ea",
    "https://raw.githubusercontent.com/lodash/lodash/4.17.21-es/_baseSetToString.js": "75d18e54921591874d3d54591087f458a423eed3d7042f237753fbca692d1d7f",
    "https://raw.githubusercontent.com/lodash/lodash/4.17.21-es/_baseTimes.js": "0d71867db092ef76aed4436956c0cf26d0990eb5d19c88f74edbe8c7ae2dfc93",
    "https://raw.githubusercontent.com/lodash/lodash/4.17.21-es/_baseUnary.js": "25d6f22dcecef2d761e3059330425d1c585dfa81d50ba1dcd82d5524bfa78b53",
    "https://raw.githubusercontent.com/lodash/lodash/4.17.21-es/_cloneArrayBuffer.js": "04c06ac0667c7681872950fefa3d82af988cbb2f45e7ac94ad30a1a7fbca760e",
    "https://raw.githubusercontent.com/lodash/lodash/4.17.21-es/_cloneBuffer.js": "879343bd3fe02c37cbd8691dfb7d2b3599a069bc646bc415d49b347b06e7f801",
    "https://raw.githubusercontent.com/lodash/lodash/4.17.21-es/_cloneTypedArray.js": "40396608091618700dc31a89b5e3a70d8a77158134bbe85ca0a33f42061cf90f",
    "https://raw.githubusercontent.com/lodash/lodash/4.17.21-es/_copyArray.js": "66e841eb36a87af2b6bd8d7a21651d2f6c65ee11186ba8c0cd8a5f7856aa626c",
    "https://raw.githubusercontent.com/lodash/lodash/4.17.21-es/_copyObject.js": "f348153f6d3fb121b2c2afe79ae0484fa12e5732772720aa44e128badf42b63e",
    "https://raw.githubusercontent.com/lodash/lodash/4.17.21-es/_coreJsData.js": "020778ed390efefeb8ea3cf88873e9e2818784b3e26fa001ec51fa81c71d0392",
    "https://raw.githubusercontent.com/lodash/lodash/4.17.21-es/_createAssigner.js": "6c238f9cd9247a342da1557fd97d501928cf7ded1d5b1d8646fd279bcc68b921",
    "https://raw.githubusercontent.com/lodash/lodash/4.17.21-es/_createBaseFor.js": "ce5bfd3ffa87788ae4edf6764fe3abc6cc75c18cddb71fb65d6de562fbebb511",
    "https://raw.githubusercontent.com/lodash/lodash/4.17.21-es/_defineProperty.js": "08fe1a52a602829f143cf1a1dd4a133533b1a9cda8ef2071563dcb21750c7517",
    "https://raw.githubusercontent.com/lodash/lodash/4.17.21-es/_freeGlobal.js": "0b65c37b3c1ce6d1800cb59a330dde73f1009f0d10eeaf8fd45f7607b87db4c5",
    "https://raw.githubusercontent.com/lodash/lodash/4.17.21-es/_getMapData.js": "4ab0307467b45546bd3d8146d67f0e123f2049e6934722653803fe90b3484374",
    "https://raw.githubusercontent.com/lodash/lodash/4.17.21-es/_getNative.js": "b93d64fd14cab48b0ad9b0f1b896ee8dcd74d8d5a20ca9cae6f34aa4a68ae9ef",
    "https://raw.githubusercontent.com/lodash/lodash/4.17.21-es/_getPrototype.js": "0d28834baa350bc2ff483720439732052e2695a44b52cce790c99677fc733cf4",
    "https://raw.githubusercontent.com/lodash/lodash/4.17.21-es/_getRawTag.js": "0023dec54160317b70d52df1d7918638bc16a2869b1bf355f0a4f3e755aa6faf",
    "https://raw.githubusercontent.com/lodash/lodash/4.17.21-es/_getValue.js": "afff70502a4a536f971f961811013811c177e6f885d1e7e4e41c48c08ea6d6c7",
    "https://raw.githubusercontent.com/lodash/lodash/4.17.21-es/_hashClear.js": "54d4b21fbc05b32b246c4449e27a30628f9d8b6749c08ae965ff8c81af6dad67",
    "https://raw.githubusercontent.com/lodash/lodash/4.17.21-es/_hashDelete.js": "eaf93621141b5c23d99a299c6f8620192faf0fcc71f4f00c01ce5de8f98bc92a",
    "https://raw.githubusercontent.com/lodash/lodash/4.17.21-es/_hashGet.js": "5aa4530201b81f25dc5609240b855f11a8bdd85d92c6bfb8cb2566758bfeaac7",
    "https://raw.githubusercontent.com/lodash/lodash/4.17.21-es/_hashHas.js": "92a91d1122b450660d889520e13f185829e296334b1cc708a7b0009a2c568b71",
    "https://raw.githubusercontent.com/lodash/lodash/4.17.21-es/_hashSet.js": "6535755fba2510b74079e573dc12f8c4f750131793d658ace64cf128fd1e0db2",
    "https://raw.githubusercontent.com/lodash/lodash/4.17.21-es/_initCloneObject.js": "18145c5222148da5ee58b43862e8790ac455f1752fa86e881306a335f403ea7f",
    "https://raw.githubusercontent.com/lodash/lodash/4.17.21-es/_isIndex.js": "33b5bf1805dd076edfc1199e114995a62170f8d6c835e0035ec05099ae29fa97",
    "https://raw.githubusercontent.com/lodash/lodash/4.17.21-es/_isIterateeCall.js": "b03e71d858a91acdfc4b5b1c00b283e9e27ffd03567a06f6e6ce3c666c7b2f75",
    "https://raw.githubusercontent.com/lodash/lodash/4.17.21-es/_isKeyable.js": "207b697e802fc7f957d1275f7da727f59c6673e58ee2078fbc1af56f5f08c0de",
    "https://raw.githubusercontent.com/lodash/lodash/4.17.21-es/_isMasked.js": "cc641b21108046e4ebe15220dae4f7ad463760596800ebf31d5e53df1b98f152",
    "https://raw.githubusercontent.com/lodash/lodash/4.17.21-es/_isPrototype.js": "df65c802abe765ca4473d3dd632c0b3d13e9f2397dedd7cf9742f0157b2396ed",
    "https://raw.githubusercontent.com/lodash/lodash/4.17.21-es/_listCacheClear.js": "e0e283b9176131c84766c243101a75d90566b4577e5c70cc6a38ad6266d805f6",
    "https://raw.githubusercontent.com/lodash/lodash/4.17.21-es/_listCacheDelete.js": "4f60c332ff1ea93b47e744cfbeccb8cc65eed33e7bb302d6bad1fb596f70b186",
    "https://raw.githubusercontent.com/lodash/lodash/4.17.21-es/_listCacheGet.js": "25d578131e42d496bf92590cc2daa636203fc0512eeab29e2add3ac569921e03",
    "https://raw.githubusercontent.com/lodash/lodash/4.17.21-es/_listCacheHas.js": "c091833394e006cf700731a117a75310786726246843f225de698e94f1d1e798",
    "https://raw.githubusercontent.com/lodash/lodash/4.17.21-es/_listCacheSet.js": "0696b9f99b4ed89c08725c8acc805b7cc493078ea0fb8d9153bfb920878fa029",
    "https://raw.githubusercontent.com/lodash/lodash/4.17.21-es/_mapCacheClear.js": "0be01bc64f84e1252f501dbe68d2166eb97ac321bf6638415478ff24a26ac388",
    "https://raw.githubusercontent.com/lodash/lodash/4.17.21-es/_mapCacheDelete.js": "a52b87a49edecdb1b47793b5bb26d41e4bf379c369a420949302e1b1562b5af7",
    "https://raw.githubusercontent.com/lodash/lodash/4.17.21-es/_mapCacheGet.js": "bb71dbbe31d7fbd56016b622ea28b4c1ec570a8c910030dc927465737b458a4e",
    "https://raw.githubusercontent.com/lodash/lodash/4.17.21-es/_mapCacheHas.js": "5b9c230d5e00aba2d482404cc8dbe327b23ad29325d13a0e49e93cfd0b1bf54d",
    "https://raw.githubusercontent.com/lodash/lodash/4.17.21-es/_mapCacheSet.js": "43318a641896356f4b187bee7aad9be1147b766722108a7e7425d7e1ea322bfa",
    "https://raw.githubusercontent.com/lodash/lodash/4.17.21-es/_nativeCreate.js": "59c4a564c25a021902259cb237cfa331daf056423d359258ac968c60f51aa324",
    "https://raw.githubusercontent.com/lodash/lodash/4.17.21-es/_nativeKeysIn.js": "e63e54e1eaf58287382c811139a5a497512356c0c192f646e00abd0e94bf625b",
    "https://raw.githubusercontent.com/lodash/lodash/4.17.21-es/_nodeUtil.js": "f81d8e969afead3562231a1c368fcf884b51339ee04aff07a2b67f8ba794f03b",
    "https://raw.githubusercontent.com/lodash/lodash/4.17.21-es/_objectToString.js": "8f1bb6043dc27219e71dfae28900a7f214a0856118a628efeb120169fe46fe8c",
    "https://raw.githubusercontent.com/lodash/lodash/4.17.21-es/_overArg.js": "599268d0a0a7da23b421ca0cfefbea1f295e44c33bab99fb87df38f4ef97bb9c",
    "https://raw.githubusercontent.com/lodash/lodash/4.17.21-es/_overRest.js": "2680f289bb332cf28f3a6413929e2afb46886fb1b747e9f6d33aa50c29ba68db",
    "https://raw.githubusercontent.com/lodash/lodash/4.17.21-es/_root.js": "df58ff96c454ca91ace20d20e6af49b354c70dfba7e737adc00cd23e8ff77168",
    "https://raw.githubusercontent.com/lodash/lodash/4.17.21-es/_safeGet.js": "5f9023f036ae9eef9a0196bac43db899fce05712ab4594efe195827eba585111",
    "https://raw.githubusercontent.com/lodash/lodash/4.17.21-es/_setToString.js": "2a1ef073af2370f4bf3258d41bcc62f06ae23a41ae13543e5105946b2b07b03b",
    "https://raw.githubusercontent.com/lodash/lodash/4.17.21-es/_shortOut.js": "1b8768641ee4b76051240ec40b2bfe84e6f21682a71ce6f6f6972363f5b9c634",
    "https://raw.githubusercontent.com/lodash/lodash/4.17.21-es/_stackClear.js": "2f18f696265ae6318deb51419e121ab543b4fd9ff240892e8e054d944db8020a",
    "https://raw.githubusercontent.com/lodash/lodash/4.17.21-es/_stackDelete.js": "ae947fc8f29882a437db228bcdac90cd048f94bdd758e508b53987be2e28cdfe",
    "https://raw.githubusercontent.com/lodash/lodash/4.17.21-es/_stackGet.js": "ae5633328aae57109e1ce84e70a587c2ba90503294f758ab8086d032ebb40897",
    "https://raw.githubusercontent.com/lodash/lodash/4.17.21-es/_stackHas.js": "06066c99b9909bdc25bb702b579ca29a69ab478d9819506af29aa7e6476eddba",
    "https://raw.githubusercontent.com/lodash/lodash/4.17.21-es/_stackSet.js": "4f96a1dfb190aae58f59bc26cd1a27fae1d10abc338e1f57a67e69d47b832cbe",
    "https://raw.githubusercontent.com/lodash/lodash/4.17.21-es/_toSource.js": "a2333d6455d5a8802b8e8d64f0de422f04a4603cf477429d2baabb8021ec9032",
    "https://raw.githubusercontent.com/lodash/lodash/4.17.21-es/constant.js": "cce774605f469fe731a3aa932019b71df84fe6c47741b018a17e69c042f32ca3",
    "https://raw.githubusercontent.com/lodash/lodash/4.17.21-es/eq.js": "3a51729bde3af1d9bacf9b67e966d8c154e22b02f5e1cecc13f53f7f00889c13",
    "https://raw.githubusercontent.com/lodash/lodash/4.17.21-es/identity.js": "152c43149691b31cb9bcdf1be4ba07a3963babbd096bcf6313182d3f2597f023",
    "https://raw.githubusercontent.com/lodash/lodash/4.17.21-es/isArguments.js": "08791025dc5d7ec5183e290aa2aa6a9c4af78703f0d42d1b9421b607c3199fcc",
    "https://raw.githubusercontent.com/lodash/lodash/4.17.21-es/isArray.js": "0d9bcdfdf53955d9253076ddd68e0b992b2c91fb8364baa2ca971e57cbb74e4b",
    "https://raw.githubusercontent.com/lodash/lodash/4.17.21-es/isArrayLike.js": "46956ba526a01c3371fe26a492bf2a247b20d995e6891f2ac99a17b1ab64b49f",
    "https://raw.githubusercontent.com/lodash/lodash/4.17.21-es/isArrayLikeObject.js": "76434e9c893ae3eaccb555792ea5754d42b5765efe5d360d78d2c4abda788ecb",
    "https://raw.githubusercontent.com/lodash/lodash/4.17.21-es/isBuffer.js": "683ac01368bb0b51e7571332797cdec13cf5fa26a79ad20764045f01b1d249d2",
    "https://raw.githubusercontent.com/lodash/lodash/4.17.21-es/isFunction.js": "4cf0f598213e142e5d9ad09f17d3611723a9e2e3def000a39edbf38b493b3b08",
    "https://raw.githubusercontent.com/lodash/lodash/4.17.21-es/isLength.js": "ef8193123dc3fbd12be9893aa39aea7df0a779074e604d853c56da1c09d24e11",
    "https://raw.githubusercontent.com/lodash/lodash/4.17.21-es/isObject.js": "fc44c8f265db1492ea04f777d9e2d8598b44d481f5eb38360cb58c1e45b8cbd9",
    "https://raw.githubusercontent.com/lodash/lodash/4.17.21-es/isObjectLike.js": "e45d69136695e8568c6fb3c7327f96ac1a8ff7284b1b22f26fb4654255fd0c6c",
    "https://raw.githubusercontent.com/lodash/lodash/4.17.21-es/isPlainObject.js": "f790a22fd205b03f11f95fe0657c9244ff48e45363633fa110c3c5688177b192",
    "https://raw.githubusercontent.com/lodash/lodash/4.17.21-es/isTypedArray.js": "ea3531a60d17525b79f484377cd4053f32fec478822dd2b51ca63ade12520737",
    "https://raw.githubusercontent.com/lodash/lodash/4.17.21-es/keysIn.js": "fba7db7b7420f0cc87b6636aa748e8c5f44e44cb5408fd33d1fa967b13f0039e",
    "https://raw.githubusercontent.com/lodash/lodash/4.17.21-es/merge.js": "8004f9d4c737e69f5d871ff61e2966460c907036b7a514751d66f8f9b06572b1",
    "https://raw.githubusercontent.com/lodash/lodash/4.17.21-es/stubFalse.js": "fd1d278ab0f9329d2b39c180bb97fcbfb609ec117f89443fc2ed898b633493ea",
    "https://raw.githubusercontent.com/lodash/lodash/4.17.21-es/toPlainObject.js": "9345d80139f01e8768e0a134266ea2fc1196c22afc0f4022de66cb9a68b52a70"
  }
}
